
Microsoft Visual Studio Solution File, Format Version 12.00
# Visual Studio Version 16
VisualStudioVersion = 16.0.29215.179
MinimumVisualStudioVersion = 10.0.40219.1
Project("{FAE04EC0-301F-11D3-BF4B-00C04F79EFBC}") = "devopsAspNetcore", "devopsAspNetcore\devopsAspNetcore.csproj", "{5E6AFDE8-D9F5-4E70-ACEB-5B9866D38185}"
EndProject
Global
	GlobalSection(SolutionConfigurationPlatforms) = preSolution
		Debug|Any CPU = Debug|Any CPU
		Release|Any CPU = Release|Any CPU
	EndGlobalSection
	GlobalSection(ProjectConfigurationPlatforms) = postSolution
		{5E6AFDE8-D9F5-4E70-ACEB-5B9866D38185}.Debug|Any CPU.ActiveCfg = Debug|Any CPU
		{5E6AFDE8-D9F5-4E70-ACEB-5B9866D38185}.Debug|Any CPU.Build.0 = Debug|Any CPU
		{5E6AFDE8-D9F5-4E70-ACEB-5B9866D38185}.Release|Any CPU.ActiveCfg = Release|Any CPU
		{5E6AFDE8-D9F5-4E70-ACEB-5B9866D38185}.Release|Any CPU.Build.0 = Release|Any CPU
	EndGlobalSection
	GlobalSection(SolutionProperties) = preSolution
		HideSolutionNode = FALSE
	EndGlobalSection
	GlobalSection(ExtensibilityGlobals) = postSolution
		SolutionGuid = {44E9C927-0493-40E3-A8B4-B179B1264E3E}
	EndGlobalSection
EndGlobal
